
Microsoft Visual Studio Solution File, Format Version 12.00
# Visual Studio Version 16
VisualStudioVersion = 16.0.33423.256
MinimumVisualStudioVersion = 10.0.40219.1
Project("{FAE04EC0-301F-11D3-BF4B-00C04F79EFBC}") = "CastleHillPetStore", "CastleHillPetStore\CastleHillPetStore.csproj", "{C809F937-0CD8-4ED5-A879-328D124D257D}"
EndProject
Global
	GlobalSection(SolutionConfigurationPlatforms) = preSolution
		Debug|Any CPU = Debug|Any CPU
		Release|Any CPU = Release|Any CPU
	EndGlobalSection
	GlobalSection(ProjectConfigurationPlatforms) = postSolution
		{C809F937-0CD8-4ED5-A879-328D124D257D}.Debug|Any CPU.ActiveCfg = Debug|Any CPU
		{C809F937-0CD8-4ED5-A879-328D124D257D}.Debug|Any CPU.Build.0 = Debug|Any CPU
		{C809F937-0CD8-4ED5-A879-328D124D257D}.Release|Any CPU.ActiveCfg = Release|Any CPU
		{C809F937-0CD8-4ED5-A879-328D124D257D}.Release|Any CPU.Build.0 = Release|Any CPU
	EndGlobalSection
	GlobalSection(SolutionProperties) = preSolution
		HideSolutionNode = FALSE
	EndGlobalSection
	GlobalSection(ExtensibilityGlobals) = postSolution
		SolutionGuid = {1B2B136C-15F5-433F-A364-00133DF86127}
	EndGlobalSection
EndGlobal
